
Microsoft Visual Studio Solution File, Format Version 12.00
# Visual Studio Version 18
VisualStudioVersion = 18.5.11716.220 stable
MinimumVisualStudioVersion = 10.0.40219.1
Project("{FAE04EC0-301F-11D3-BF4B-00C04F79EFBC}") = "MovieWatchlist", "MovieWatchlist.csproj", "{74D9DB13-8464-9769-E49D-89B7F3155B18}"
EndProject
Global
	GlobalSection(SolutionConfigurationPlatforms) = preSolution
		Debug|Any CPU = Debug|Any CPU
		Release|Any CPU = Release|Any CPU
	EndGlobalSection
	GlobalSection(ProjectConfigurationPlatforms) = postSolution
		{74D9DB13-8464-9769-E49D-89B7F3155B18}.Debug|Any CPU.ActiveCfg = Debug|Any CPU
		{74D9DB13-8464-9769-E49D-89B7F3155B18}.Debug|Any CPU.Build.0 = Debug|Any CPU
		{74D9DB13-8464-9769-E49D-89B7F3155B18}.Release|Any CPU.ActiveCfg = Release|Any CPU
		{74D9DB13-8464-9769-E49D-89B7F3155B18}.Release|Any CPU.Build.0 = Release|Any CPU
	EndGlobalSection
	GlobalSection(SolutionProperties) = preSolution
		HideSolutionNode = FALSE
	EndGlobalSection
	GlobalSection(ExtensibilityGlobals) = postSolution
		SolutionGuid = {65D03342-A92B-4C3B-8F9F-CE6DDE5C857F}
	EndGlobalSection
EndGlobal
